
Microsoft Visual Studio Solution File, Format Version 12.00
# Visual Studio Version 17
VisualStudioVersion = 17.7.34031.279
MinimumVisualStudioVersion = 10.0.40219.1
Project("{8BC9CEB8-8B4A-11D0-8D11-00A0C91BC942}") = "ConsoleApplication1", "ConsoleApplication1\ConsoleApplication1.vcxproj", "{0DE781F2-0892-4786-8A9D-BC8A56612FBF}"
EndProject
Global
	GlobalSection(SolutionConfigurationPlatforms) = preSolution
		Debug|x64 = Debug|x64
		Debug|x86 = Debug|x86
		Release|x64 = Release|x64
		Release|x86 = Release|x86
	EndGlobalSection
	GlobalSection(ProjectConfigurationPlatforms) = postSolution
		{0DE781F2-0892-4786-8A9D-BC8A56612FBF}.Debug|x64.ActiveCfg = Debug|x64
		{0DE781F2-0892-4786-8A9D-BC8A56612FBF}.Debug|x64.Build.0 = Debug|x64
		{0DE781F2-0892-4786-8A9D-BC8A56612FBF}.Debug|x86.ActiveCfg = Debug|Win32
		{0DE781F2-0892-4786-8A9D-BC8A56612FBF}.Debug|x86.Build.0 = Debug|Win32
		{0DE781F2-0892-4786-8A9D-BC8A56612FBF}.Release|x64.ActiveCfg = Release|x64
		{0DE781F2-0892-4786-8A9D-BC8A56612FBF}.Release|x64.Build.0 = Release|x64
		{0DE781F2-0892-4786-8A9D-BC8A56612FBF}.Release|x86.ActiveCfg = Release|Win32
		{0DE781F2-0892-4786-8A9D-BC8A56612FBF}.Release|x86.Build.0 = Release|Win32
	EndGlobalSection
	GlobalSection(SolutionProperties) = preSolution
		HideSolutionNode = FALSE
	EndGlobalSection
	GlobalSection(ExtensibilityGlobals) = postSolution
		SolutionGuid = {4B3E4C47-5DA6-4194-8519-9D95072577B7}
	EndGlobalSection
EndGlobal
